
Microsoft Visual Studio Solution File, Format Version 12.00
# Visual Studio 2013
VisualStudioVersion = 12.0.21005.1
MinimumVisualStudioVersion = 10.0.40219.1
Project("{E24C65DC-7377-472B-9ABA-BC803B73C61A}") = "Visual Studio Demo", "Visual Studio Demo\", "{BF117509-F28C-4647-8006-161CED9C15E3}"
	ProjectSection(WebsiteProperties) = preProject
		TargetFrameworkMoniker = ".NETFramework,Version%3Dv4.0"
		Debug.AspNetCompiler.VirtualPath = "/Visual Studio Demo"
		Debug.AspNetCompiler.PhysicalPath = "..\..\..\..\Desktop\DWT Samples for Installer\Visual Studio Sample\Visual Studio Demo\"
		Debug.AspNetCompiler.TargetPath = "PrecompiledWeb\Visual Studio Demo\"
		Debug.AspNetCompiler.Updateable = "true"
		Debug.AspNetCompiler.ForceOverwrite = "true"
		Debug.AspNetCompiler.FixedNames = "false"
		Debug.AspNetCompiler.Debug = "True"
		Release.AspNetCompiler.VirtualPath = "/Visual Studio Demo"
		Release.AspNetCompiler.PhysicalPath = "..\..\..\..\Desktop\DWT Samples for Installer\Visual Studio Sample\Visual Studio Demo\"
		Release.AspNetCompiler.TargetPath = "PrecompiledWeb\Visual Studio Demo\"
		Release.AspNetCompiler.Updateable = "true"
		Release.AspNetCompiler.ForceOverwrite = "true"
		Release.AspNetCompiler.FixedNames = "false"
		Release.AspNetCompiler.Debug = "False"
		VWDPort = "1242"
	EndProjectSection
EndProject
Global
	GlobalSection(SolutionConfigurationPlatforms) = preSolution
		Debug|.NET = Debug|.NET
	EndGlobalSection
	GlobalSection(ProjectConfigurationPlatforms) = postSolution
		{BF117509-F28C-4647-8006-161CED9C15E3}.Debug|.NET.ActiveCfg = Debug|Any CPU
	EndGlobalSection
	GlobalSection(SolutionProperties) = preSolution
		HideSolutionNode = FALSE
	EndGlobalSection
EndGlobal
